// !$*UTF8*$!
{
	archiveVersion = 1;
	classes = {
	};
	objectVersion = 48;
	objects = {

/* Begin PBXBuildFile section */
		BDB96118204A402A00E49258 /* AppDelegate.swift in Sources */ = {isa = PBXBuildFile; fileRef = BDB96117204A402A00E49258 /* AppDelegate.swift */; };
		BDB9611A204A402A00E49258 /* ViewController.swift in Sources */ = {isa = PBXBuildFile; fileRef = BDB96119204A402A00E49258 /* ViewController.swift */; };
		BDB9611D204A402A00E49258 /* Main.storyboard in Resources */ = {isa = PBXBuildFile; fileRef = BDB9611B204A402A00E49258 /* Main.storyboard */; };
		BDB9611F204A402A00E49258 /* Assets.xcassets in Resources */ = {isa = PBXBuildFile; fileRef = BDB9611E204A402A00E49258 /* Assets.xcassets */; };
		BDB96122204A402A00E49258 /* LaunchScreen.storyboard in Resources */ = {isa = PBXBuildFile; fileRef = BDB96120204A402A00E49258 /* LaunchScreen.storyboard */; };
		BDB9612D204A402B00E49258 /* project_with_unit_testsTests.swift in Sources */ = {isa = PBXBuildFile; fileRef = BDB9612C204A402B00E49258 /* project_with_unit_testsTests.swift */; };
/* End PBXBuildFile section */

/* Begin PBXContainerItemProxy section */
		BDB96129204A402B00E49258 /* PBXContainerItemProxy */ = {
			isa = PBXContainerItemProxy;
			containerPortal = BDB9610C204A402A00E49258 /* Project object */;
			proxyType = 1;
			remoteGlobalIDString = BDB96113204A402A00E49258;
			remoteInfo = "project-with-unit-tests";
		};
/* End PBXContainerItemProxy section */

/* Begin PBXFileReference section */
		BDB96114204A402A00E49258 /* project-with-unit-tests.app */ = {isa = PBXFileReference; explicitFileType = wrapper.application; includeInIndex = 0; path = "project-with-unit-tests.app"; sourceTree = BUILT_PRODUCTS_DIR; };
		BDB96117204A402A00E49258 /* AppDelegate.swift */ = {isa = PBXFileReference; lastKnownFileType = sourcecode.swift; path = AppDelegate.swift; sourceTree = "<group>"; };
		BDB96119204A402A00E49258 /* ViewController.swift */ = {isa = PBXFileReference; lastKnownFileType = sourcecode.swift; path = ViewController.swift; sourceTree = "<group>"; };
		BDB9611C204A402A00E49258 /* Base */ = {isa = PBXFileReference; lastKnownFileType = file.storyboard; name = Base; path = Base.lproj/Main.storyboard; sourceTree = "<group>"; };
		BDB9611E204A402A00E49258 /* Assets.xcassets */ = {isa = PBXFileReference; lastKnownFileType = folder.assetcatalog; path = Assets.xcassets; sourceTree = "<group>"; };
		BDB96121204A402A00E49258 /* Base */ = {isa = PBXFileReference; lastKnownFileType = file.storyboard; name = Base; path = Base.lproj/LaunchScreen.storyboard; sourceTree = "<group>"; };
		BDB96123204A402A00E49258 /* Info.plist */ = {isa = PBXFileReference; lastKnownFileType = text.plist.xml; path = Info.plist; sourceTree = "<group>"; };
		BDB96128204A402B00E49258 /* project-with-unit-testsTests.xctest */ = {isa = PBXFileReference; explicitFileType = wrapper.cfbundle; includeInIndex = 0; path = "project-with-unit-testsTests.xctest"; sourceTree = BUILT_PRODUCTS_DIR; };
		BDB9612C204A402B00E49258 /* project_with_unit_testsTests.swift */ = {isa = PBXFileReference; lastKnownFileType = sourcecode.swift; path = project_with_unit_testsTests.swift; sourceTree = "<group>"; };
		BDB9612E204A402B00E49258 /* Info.plist */ = {isa = PBXFileReference; lastKnownFileType = text.plist.xml; path = Info.plist; sourceTree = "<group>"; };
/* End PBXFileReference section */

/* Begin PBXFrameworksBuildPhase section */
		BDB96111204A402A00E49258 /* Frameworks */ = {
			isa = PBXFrameworksBuildPhase;
			buildActionMask = 2147483647;
			files = (
			);
			runOnlyForDeploymentPostprocessing = 0;
		};
		BDB96125204A402B00E49258 /* Frameworks */ = {
			isa = PBXFrameworksBuildPhase;
			buildActionMask = 2147483647;
			files = (
			);
			runOnlyForDeploymentPostprocessing = 0;
		};
/* End PBXFrameworksBuildPhase section */

/* Begin PBXGroup section */
		BDB9610B204A402A00E49258 = {
			isa = PBXGroup;
			children = (
				BDB96116204A402A00E49258 /* project-with-unit-tests */,
				BDB9612B204A402B00E49258 /* project-with-unit-testsTests */,
				BDB96115204A402A00E49258 /* Products */,
			);
			sourceTree = "<group>";
		};
		BDB96115204A402A00E49258 /* Products */ = {
			isa = PBXGroup;
			children = (
				BDB96114204A402A00E49258 /* project-with-unit-tests.app */,
				BDB96128204A402B00E49258 /* project-with-unit-testsTests.xctest */,
			);
			name = Products;
			sourceTree = "<group>";
		};
		BDB96116204A402A00E49258 /* project-with-unit-tests */ = {
			isa = PBXGroup;
			children = (
				BDB96117204A402A00E49258 /* AppDelegate.swift */,
				BDB96119204A402A00E49258 /* ViewController.swift */,
				BDB9611B204A402A00E49258 /* Main.storyboard */,
				BDB9611E204A402A00E49258 /* Assets.xcassets */,
				BDB96120204A402A00E49258 /* LaunchScreen.storyboard */,
				BDB96123204A402A00E49258 /* Info.plist */,
			);
			path = "project-with-unit-tests";
			sourceTree = "<group>";
		};
		BDB9612B204A402B00E49258 /* project-with-unit-testsTests */ = {
			isa = PBXGroup;
			children = (
				BDB9612C204A402B00E49258 /* project_with_unit_testsTests.swift */,
				BDB9612E204A402B00E49258 /* Info.plist */,
			);
			path = "project-with-unit-testsTests";
			sourceTree = "<group>";
		};
/* End PBXGroup section */

/* Begin PBXNativeTarget section */
		BDB96113204A402A00E49258 /* project-with-unit-tests */ = {
			isa = PBXNativeTarget;
			buildConfigurationList = BDB96131204A402B00E49258 /* Build configuration list for PBXNativeTarget "project-with-unit-tests" */;
			buildPhases = (
				BDB96110204A402A00E49258 /* Sources */,
				BDB96111204A402A00E49258 /* Frameworks */,
				BDB96112204A402A00E49258 /* Resources */,
			);
			buildRules = (
			);
			dependencies = (
			);
			name = "project-with-unit-tests";
			productName = "project-with-unit-tests";
			productReference = BDB96114204A402A00E49258 /* project-with-unit-tests.app */;
			productType = "com.apple.product-type.application";
		};
		BDB96127204A402B00E49258 /* project-with-unit-testsTests */ = {
			isa = PBXNativeTarget;
			buildConfigurationList = BDB96134204A402B00E49258 /* Build configuration list for PBXNativeTarget "project-with-unit-testsTests" */;
			buildPhases = (
				BDB96124204A402B00E49258 /* Sources */,
				BDB96125204A402B00E49258 /* Frameworks */,
				BDB96126204A402B00E49258 /* Resources */,
			);
			buildRules = (
			);
			dependencies = (
				BDB9612A204A402B00E49258 /* PBXTargetDependency */,
			);
			name = "project-with-unit-testsTests";
			productName = "project-with-unit-testsTests";
			productReference = BDB96128204A402B00E49258 /* project-with-unit-testsTests.xctest */;
			productType = "com.apple.product-type.bundle.unit-test";
		};
/* End PBXNativeTarget section */

/* Begin PBXProject section */
		BDB9610C204A402A00E49258 /* Project object */ = {
			isa = PBXProject;
			attributes = {
				LastSwiftUpdateCheck = 0920;
				LastUpgradeCheck = 0920;
				ORGANIZATIONNAME = qnoid;
				TargetAttributes = {
					BDB96113204A402A00E49258 = {
						CreatedOnToolsVersion = 9.2;
						ProvisioningStyle = Automatic;
					};
					BDB96127204A402B00E49258 = {
						CreatedOnToolsVersion = 9.2;
						ProvisioningStyle = Automatic;
						TestTargetID = BDB96113204A402A00E49258;
					};
				};
			};
			buildConfigurationList = BDB9610F204A402A00E49258 /* Build configuration list for PBXProject "project-with-unit-tests" */;
			compatibilityVersion = "Xcode 8.0";
			developmentRegion = en;
			hasScannedForEncodings = 0;
			knownRegions = (
				en,
				Base,
			);
			mainGroup = BDB9610B204A402A00E49258;
			productRefGroup = BDB96115204A402A00E49258 /* Products */;
			projectDirPath = "";
			projectRoot = "";
			targets = (
				BDB96113204A402A00E49258 /* project-with-unit-tests */,
				BDB96127204A402B00E49258 /* project-with-unit-testsTests */,
			);
		};
/* End PBXProject section */

/* Begin PBXResourcesBuildPhase section */
		BDB96112204A402A00E49258 /* Resources */ = {
			isa = PBXResourcesBuildPhase;
			buildActionMask = 2147483647;
			files = (
				BDB96122204A402A00E49258 /* LaunchScreen.storyboard in Resources */,
				BDB9611F204A402A00E49258 /* Assets.xcassets in Resources */,
				BDB9611D204A402A00E49258 /* Main.storyboard in Resources */,
			);
			runOnlyForDeploymentPostprocessing = 0;
		};
		BDB96126204A402B00E49258 /* Resources */ = {
			isa = PBXResourcesBuildPhase;
			buildActionMask = 2147483647;
			files = (
			);
			runOnlyForDeploymentPostprocessing = 0;
		};
/* End PBXResourcesBuildPhase section */

/* Begin PBXSourcesBuildPhase section */
		BDB96110204A402A00E49258 /* Sources */ = {
			isa = PBXSourcesBuildPhase;
			buildActionMask = 2147483647;
			files = (
				BDB9611A204A402A00E49258 /* ViewController.swift in Sources */,
				BDB96118204A402A00E49258 /* AppDelegate.swift in Sources */,
			);
			runOnlyForDeploymentPostprocessing = 0;
		};
		BDB96124204A402B00E49258 /* Sources */ = {
			isa = PBXSourcesBuildPhase;
			buildActionMask = 2147483647;
			files = (
				BDB9612D204A402B00E49258 /* project_with_unit_testsTests.swift in Sources */,
			);
			runOnlyForDeploymentPostprocessing = 0;
		};
/* End PBXSourcesBuildPhase section */

/* Begin PBXTargetDependency section */
		BDB9612A204A402B00E49258 /* PBXTargetDependency */ = {
			isa = PBXTargetDependency;
			target = BDB96113204A402A00E49258 /* project-with-unit-tests */;
			targetProxy = BDB96129204A402B00E49258 /* PBXContainerItemProxy */;
		};
/* End PBXTargetDependency section */

/* Begin PBXVariantGroup section */
		BDB9611B204A402A00E49258 /* Main.storyboard */ = {
			isa = PBXVariantGroup;
			children = (
				BDB9611C204A402A00E49258 /* Base */,
			);
			name = Main.storyboard;
			sourceTree = "<group>";
		};
		BDB96120204A402A00E49258 /* LaunchScreen.storyboard */ = {
			isa = PBXVariantGroup;
			children = (
				BDB96121204A402A00E49258 /* Base */,
			);
			name = LaunchScreen.storyboard;
			sourceTree = "<group>";
		};
/* End PBXVariantGroup section */

/* Begin XCBuildConfiguration section */
		BDB9612F204A402B00E49258 /* Debug */ = {
			isa = XCBuildConfiguration;
			buildSettings = {
				ALWAYS_SEARCH_USER_PATHS = NO;
				CLANG_ANALYZER_NONNULL = YES;
				CLANG_ANALYZER_NUMBER_OBJECT_CONVERSION = YES_AGGRESSIVE;
				CLANG_CXX_LANGUAGE_STANDARD = "gnu++14";
				CLANG_CXX_LIBRARY = "libc++";
				CLANG_ENABLE_MODULES = YES;
				CLANG_ENABLE_OBJC_ARC = YES;
				CLANG_WARN_BLOCK_CAPTURE_AUTORELEASING = YES;
				CLANG_WARN_BOOL_CONVERSION = YES;
				CLANG_WARN_COMMA = YES;
				CLANG_WARN_CONSTANT_CONVERSION = YES;
				CLANG_WARN_DIRECT_OBJC_ISA_USAGE = YES_ERROR;
				CLANG_WARN_DOCUMENTATION_COMMENTS = YES;
				CLANG_WARN_EMPTY_BODY = YES;
				CLANG_WARN_ENUM_CONVERSION = YES;
				CLANG_WARN_INFINITE_RECURSION = YES;
				CLANG_WARN_INT_CONVERSION = YES;
				CLANG_WARN_NON_LITERAL_NULL_CONVERSION = YES;
				CLANG_WARN_OBJC_LITERAL_CONVERSION = YES;
				CLANG_WARN_OBJC_ROOT_CLASS = YES_ERROR;
				CLANG_WARN_RANGE_LOOP_ANALYSIS = YES;
				CLANG_WARN_STRICT_PROTOTYPES = YES;
				CLANG_WARN_SUSPICIOUS_MOVE = YES;
				CLANG_WARN_UNGUARDED_AVAILABILITY = YES_AGGRESSIVE;
				CLANG_WARN_UNREACHABLE_CODE = YES;
				CLANG_WARN__DUPLICATE_METHOD_MATCH = YES;
				CODE_SIGN_IDENTITY = "iPhone Developer";
				COPY_PHASE_STRIP = NO;
				DEBUG_INFORMATION_FORMAT = dwarf;
				ENABLE_STRICT_OBJC_MSGSEND = YES;
				ENABLE_TESTABILITY = YES;
				GCC_C_LANGUAGE_STANDARD = gnu11;
				GCC_DYNAMIC_NO_PIC = NO;
				GCC_NO_COMMON_BLOCKS = YES;
				GCC_OPTIMIZATION_LEVEL = 0;
				GCC_PREPROCESSOR_DEFINITIONS = (
					"DEBUG=1",
					"$(inherited)",
				);
				GCC_WARN_64_TO_32_BIT_CONVERSION = YES;
				GCC_WARN_ABOUT_RETURN_TYPE = YES_ERROR;
				GCC_WARN_UNDECLARED_SELECTOR = YES;
				GCC_WARN_UNINITIALIZED_AUTOS = YES_AGGRESSIVE;
				GCC_WARN_UNUSED_FUNCTION = YES;
				GCC_WARN_UNUSED_VARIABLE = YES;
				IPHONEOS_DEPLOYMENT_TARGET = 14.4;
				MTL_ENABLE_DEBUG_INFO = YES;
				ONLY_ACTIVE_ARCH = YES;
				SDKROOT = iphoneos;
				SWIFT_ACTIVE_COMPILATION_CONDITIONS = DEBUG;
				SWIFT_OPTIMIZATION_LEVEL = "-Onone";
			};
			name = Debug;
		};
		BDB96130204A402B00E49258 /* Release */ = {
			isa = XCBuildConfiguration;
			buildSettings = {
				ALWAYS_SEARCH_USER_PATHS = NO;
				CLANG_ANALYZER_NONNULL = YES;
				CLANG_ANALYZER_NUMBER_OBJECT_CONVERSION = YES_AGGRESSIVE;
				CLANG_CXX_LANGUAGE_STANDARD = "gnu++14";
				CLANG_CXX_LIBRARY = "libc++";
				CLANG_ENABLE_MODULES = YES;
				CLANG_ENABLE_OBJC_ARC = YES;
				CLANG_WARN_BLOCK_CAPTURE_AUTORELEASING = YES;
				CLANG_WARN_BOOL_CONVERSION = YES;
				CLANG_WARN_COMMA = YES;
				CLANG_WARN_CONSTANT_CONVERSION = YES;
				CLANG_WARN_DIRECT_OBJC_ISA_USAGE = YES_ERROR;
				CLANG_WARN_DOCUMENTATION_COMMENTS = YES;
				CLANG_WARN_EMPTY_BODY = YES;
				CLANG_WARN_ENUM_CONVERSION = YES;
				CLANG_WARN_INFINITE_RECURSION = YES;
				CLANG_WARN_INT_CONVERSION = YES;
				CLANG_WARN_NON_LITERAL_NULL_CONVERSION = YES;
				CLANG_WARN_OBJC_LITERAL_CONVERSION = YES;
				CLANG_WARN_OBJC_ROOT_CLASS = YES_ERROR;
				CLANG_WARN_RANGE_LOOP_ANALYSIS = YES;
				CLANG_WARN_STRICT_PROTOTYPES = YES;
				CLANG_WARN_SUSPICIOUS_MOVE = YES;
				CLANG_WARN_UNGUARDED_AVAILABILITY = YES_AGGRESSIVE;
				CLANG_WARN_UNREACHABLE_CODE = YES;
				CLANG_WARN__DUPLICATE_METHOD_MATCH = YES;
				CODE_SIGN_IDENTITY = "iPhone Developer";
				COPY_PHASE_STRIP = NO;
				DEBUG_INFORMATION_FORMAT = "dwarf-with-dsym";
				ENABLE_NS_ASSERTIONS = NO;
				ENABLE_STRICT_OBJC_MSGSEND = YES;
				GCC_C_LANGUAGE_STANDARD = gnu11;
				GCC_NO_COMMON_BLOCKS = YES;
				GCC_WARN_64_TO_32_BIT_CONVERSION = YES;
				GCC_WARN_ABOUT_RETURN_TYPE = YES_ERROR;
				GCC_WARN_UNDECLARED_SELECTOR = YES;
				GCC_WARN_UNINITIALIZED_AUTOS = YES_AGGRESSIVE;
				GCC_WARN_UNUSED_FUNCTION = YES;
				GCC_WARN_UNUSED_VARIABLE = YES;
				IPHONEOS_DEPLOYMENT_TARGET = 14.4;
				MTL_ENABLE_DEBUG_INFO = NO;
				SDKROOT = iphoneos;
				SWIFT_OPTIMIZATION_LEVEL = "-Owholemodule";
				VALIDATE_PRODUCT = YES;
			};
			name = Release;
		};
		BDB96132204A402B00E49258 /* Debug */ = {
			isa = XCBuildConfiguration;
			buildSettings = {
				ASSETCATALOG_COMPILER_APPICON_NAME = AppIcon;
				CODE_SIGN_STYLE = Automatic;
				DEVELOPMENT_TEAM = AQ2US2UQQ7;
				INFOPLIST_FILE = "project-with-unit-tests/Info.plist";
				LD_RUNPATH_SEARCH_PATHS = "$(inherited) @executable_path/Frameworks";
				PRODUCT_BUNDLE_IDENTIFIER = "com.qnoid.project-with-unit-tests";
				PRODUCT_NAME = "$(TARGET_NAME)";
				SWIFT_VERSION = 4.0;
				TARGETED_DEVICE_FAMILY = "1,2";
			};
			name = Debug;
		};
		BDB96133204A402B00E49258 /* Release */ = {
			isa = XCBuildConfiguration;
			buildSettings = {
				ASSETCATALOG_COMPILER_APPICON_NAME = AppIcon;
				CODE_SIGN_STYLE = Automatic;
				DEVELOPMENT_TEAM = AQ2US2UQQ7;
				INFOPLIST_FILE = "project-with-unit-tests/Info.plist";
				LD_RUNPATH_SEARCH_PATHS = "$(inherited) @executable_path/Frameworks";
				PRODUCT_BUNDLE_IDENTIFIER = "com.qnoid.project-with-unit-tests";
				PRODUCT_NAME = "$(TARGET_NAME)";
				SWIFT_VERSION = 4.0;
				TARGETED_DEVICE_FAMILY = "1,2";
			};
			name = Release;
		};
		BDB96135204A402B00E49258 /* Debug */ = {
			isa = XCBuildConfiguration;
			buildSettings = {
				ALWAYS_EMBED_SWIFT_STANDARD_LIBRARIES = YES;
				BUNDLE_LOADER = "$(TEST_HOST)";
				CODE_SIGN_STYLE = Automatic;
				DEVELOPMENT_TEAM = AQ2US2UQQ7;
				INFOPLIST_FILE = "project-with-unit-testsTests/Info.plist";
				LD_RUNPATH_SEARCH_PATHS = "$(inherited) @executable_path/Frameworks @loader_path/Frameworks";
				PRODUCT_BUNDLE_IDENTIFIER = "com.qnoid.project-with-unit-testsTests";
				PRODUCT_NAME = "$(TARGET_NAME)";
				SWIFT_VERSION = 4.0;
				TARGETED_DEVICE_FAMILY = "1,2";
				TEST_HOST = "$(BUILT_PRODUCTS_DIR)/project-with-unit-tests.app/project-with-unit-tests";
			};
			name = Debug;
		};
		BDB96136204A402B00E49258 /* Release */ = {
			isa = XCBuildConfiguration;
			buildSettings = {
				ALWAYS_EMBED_SWIFT_STANDARD_LIBRARIES = YES;
				BUNDLE_LOADER = "$(TEST_HOST)";
				CODE_SIGN_STYLE = Automatic;
				DEVELOPMENT_TEAM = AQ2US2UQQ7;
				INFOPLIST_FILE = "project-with-unit-testsTests/Info.plist";
				LD_RUNPATH_SEARCH_PATHS = "$(inherited) @executable_path/Frameworks @loader_path/Frameworks";
				PRODUCT_BUNDLE_IDENTIFIER = "com.qnoid.project-with-unit-testsTests";
				PRODUCT_NAME = "$(TARGET_NAME)";
				SWIFT_VERSION = 4.0;
				TARGETED_DEVICE_FAMILY = "1,2";
				TEST_HOST = "$(BUILT_PRODUCTS_DIR)/project-with-unit-tests.app/project-with-unit-tests";
			};
			name = Release;
		};
/* End XCBuildConfiguration section */

/* Begin XCConfigurationList section */
		BDB9610F204A402A00E49258 /* Build configuration list for PBXProject "project-with-unit-tests" */ = {
			isa = XCConfigurationList;
			buildConfigurations = (
				BDB9612F204A402B00E49258 /* Debug */,
				BDB96130204A402B00E49258 /* Release */,
			);
			defaultConfigurationIsVisible = 0;
			defaultConfigurationName = Release;
		};
		BDB96131204A402B00E49258 /* Build configuration list for PBXNativeTarget "project-with-unit-tests" */ = {
			isa = XCConfigurationList;
			buildConfigurations = (
				BDB96132204A402B00E49258 /* Debug */,
				BDB96133204A402B00E49258 /* Release */,
			);
			defaultConfigurationIsVisible = 0;
			defaultConfigurationName = Release;
		};
		BDB96134204A402B00E49258 /* Build configuration list for PBXNativeTarget "project-with-unit-testsTests" */ = {
			isa = XCConfigurationList;
			buildConfigurations = (
				BDB96135204A402B00E49258 /* Debug */,
				BDB96136204A402B00E49258 /* Release */,
			);
			defaultConfigurationIsVisible = 0;
			defaultConfigurationName = Release;
		};
/* End XCConfigurationList section */
	};
	rootObject = BDB9610C204A402A00E49258 /* Project object */;
}
